
Microsoft Visual Studio Solution File, Format Version 12.00
# Visual Studio 15
VisualStudioVersion = 15.0.27004.2009
MinimumVisualStudioVersion = 10.0.40219.1
Project("{FAE04EC0-301F-11D3-BF4B-00C04F79EFBC}") = "SharedProperties", "SharedProperties\SharedProperties.csproj", "{F6CDD032-2F9D-4853-9104-D407B87278BE}"
EndProject
Global
	GlobalSection(SolutionConfigurationPlatforms) = preSolution
		Debug|Any CPU = Debug|Any CPU
		Release|Any CPU = Release|Any CPU
	EndGlobalSection
	GlobalSection(ProjectConfigurationPlatforms) = postSolution
		{F6CDD032-2F9D-4853-9104-D407B87278BE}.Debug|Any CPU.ActiveCfg = Debug|Any CPU
		{F6CDD032-2F9D-4853-9104-D407B87278BE}.Debug|Any CPU.Build.0 = Debug|Any CPU
		{F6CDD032-2F9D-4853-9104-D407B87278BE}.Release|Any CPU.ActiveCfg = Release|Any CPU
		{F6CDD032-2F9D-4853-9104-D407B87278BE}.Release|Any CPU.Build.0 = Release|Any CPU
	EndGlobalSection
	GlobalSection(SolutionProperties) = preSolution
		HideSolutionNode = FALSE
	EndGlobalSection
	GlobalSection(ExtensibilityGlobals) = postSolution
		SolutionGuid = {5915EBFC-B2CE-495A-97A1-E76413D93E93}
	EndGlobalSection
EndGlobal
